hash: 7cc97c518c04beac5926bfef5fafc2c291d1c8eff945390edb5e71fecbf461f2
updated: 2017-07-10T21:03:28.164296188-03:00
imports:
- name: github.com/bradfitz/slice
  version: d9036e2120b5ddfa53f3ebccd618c4af275f47da
- name: github.com/go-ole/go-ole
  version: 02d3668a0cf01f58411cc85cd37c174c257ec7c2
  subpackages:
  - oleutil
- name: github.com/golang/mock
  version: 93f6609a15b7de76bd49259f1f9a6b58df358936
  subpackages:
  - gomock
- name: github.com/hashicorp/go-version
  version: 03c5bf6be031b6dd45afec16b1cf94fc8938bc77
- name: github.com/howeyc/gopass
  version: bf9dde6d0d2c004a008c27aaee91170c786f6db8
- name: github.com/kr/pretty
  version: cfb55aafdaf3ec08f0db22699ab822c50091b1c4
- name: github.com/montanaflynn/stats
  version: 41c34e4914ec3c05d485e564d9028d8861d5d9ad
- name: github.com/pborman/getopt
  version: 7148bc3a4c3008adfcab60cbebfd0576018f330b
  subpackages:
  - v2
- name: github.com/percona/pmgo
  version: 9566dc76df319b856a12f24a3b6852a0c6463eff
  subpackages:
  - pmgomock
- name: github.com/pkg/errors
  version: c605e284fe17294bda444b34710735b29d1a9d90
- name: github.com/satori/go.uuid
  version: 5bf94b69c6b68ee1b541973bb8e1144db23a194b
- name: github.com/shirou/gopsutil
  version: 09e98597147f04686f71603d5525627cd066701d
  subpackages:
  - cpu
  - host
  - internal/common
  - mem
  - net
  - process
- name: github.com/shirou/w32
  version: bb4de0191aa41b5507caa14b0650cdbddcd9280b
- name: github.com/sirupsen/logrus
  version: 7f976d3a76720c4c27af2ba716b85d2e0a7e38b1
- name: github.com/StackExchange/wmi
  version: ea383cf3ba6ec950874b8486cd72356d007c768f
- name: go4.org
  version: 034d17a462f7b2dcd1a4a73553ec5357ff6e6c6e
  subpackages:
  - reflectutil
- name: golang.org/x/crypto
  version: 3627ff35f31987174dbee61d9d1dcc1c643e7174
  subpackages:
  - ssh/terminal
- name: golang.org/x/net
  version: 054b33e6527139ad5b1ec2f6232c3b175bd9a30c
  subpackages:
  - context
- name: golang.org/x/sys
  version: abf9c25f54453410d0c6668e519582a9e1115027
  subpackages:
  - unix
  - windows
- name: gopkg.in/mgo.v2
  version: 3f83fa5005286a7fe593b055f0d7771a7dce4655
  subpackages:
  - bson
  - dbtest
  - internal/json
  - internal/sasl
  - internal/scram
- name: gopkg.in/tomb.v2
  version: d5d1b5820637886def9eef33e03a27a9f166942c
testImports: []
