hash: 203838fffdc6549caf8a6a439df2e2df48fe15449dedc702b632f2b06f66ae72
updated: 2017-08-18T11:00:19.296275985+02:00
imports:
- name: github.com/bradfitz/slice
  version: d9036e2120b5ddfa53f3ebccd618c4af275f47da
- name: github.com/go-ole/go-ole
  version: 085abb85892dc1949567b726dff00fa226c60c45
  subpackages:
  - oleutil
- name: github.com/golang/mock
  version: 1df903b45f27b0b3685fa78609b653a54c7eead8
  subpackages:
  - gomock
- name: github.com/hashicorp/go-version
  version: 03c5bf6be031b6dd45afec16b1cf94fc8938bc77
- name: github.com/howeyc/gopass
  version: bf9dde6d0d2c004a008c27aaee91170c786f6db8
- name: github.com/kr/pretty
  version: cfb55aafdaf3ec08f0db22699ab822c50091b1c4
- name: github.com/montanaflynn/stats
  version: 4a163274fa4ca0b524ccee24757d7bec79475aca
- name: github.com/pborman/getopt
  version: 7148bc3a4c3008adfcab60cbebfd0576018f330b
  subpackages:
  - v2
- name: github.com/percona/pmgo
  version: 9566dc76df319b856a12f24a3b6852a0c6463eff
  subpackages:
  - pmgomock
- name: github.com/pkg/errors
  version: c605e284fe17294bda444b34710735b29d1a9d90
- name: github.com/satori/go.uuid
  version: 5bf94b69c6b68ee1b541973bb8e1144db23a194b
- name: github.com/shirou/gopsutil
  version: 1c211f0807a3436707409fa313599dd8c7a48664
  subpackages:
  - cpu
  - host
  - internal/common
  - mem
  - net
  - process
- name: github.com/shirou/w32
  version: bb4de0191aa41b5507caa14b0650cdbddcd9280b
- name: github.com/sirupsen/logrus
  version: 68806b4b77355d6c8577a2c8bbc6d547a5272491
- name: github.com/StackExchange/wmi
  version: ea383cf3ba6ec950874b8486cd72356d007c768f
- name: go4.org
  version: 034d17a462f7b2dcd1a4a73553ec5357ff6e6c6e
  subpackages:
  - reflectutil
- name: golang.org/x/crypto
  version: b176d7def5d71bdd214203491f89843ed217f420
  subpackages:
  - ssh/terminal
- name: golang.org/x/net
  version: 1c05540f6879653db88113bc4a2b70aec4bd491f
  subpackages:
  - context
- name: golang.org/x/sys
  version: 43e60d72a8e2bd92ee98319ba9a384a0e9837c08
  subpackages:
  - unix
  - windows
- name: gopkg.in/mgo.v2
  version: 3f83fa5005286a7fe593b055f0d7771a7dce4655
  subpackages:
  - bson
  - dbtest
  - internal/json
  - internal/sasl
  - internal/scram
- name: gopkg.in/tomb.v2
  version: d5d1b5820637886def9eef33e03a27a9f166942c
testImports: []
