# This file is autogenerated, do not edit; changes may be undone by the next 'dep ensure'.


[[projects]]
  digest = "1:b856d8248663c39265a764561c1a1a149783f6cc815feb54a1f3a591b91f6eca"
  name = "github.com/Masterminds/semver"
  packages = ["."]
  pruneopts = ""
  revision = "c7af12943936e8c39859482e61f0574c2fd7fc75"
  version = "v1.4.2"

[[projects]]
  digest = "1:f82b8ac36058904227087141017bb82f4b0fc58272990a4cdae3e2d6d222644e"
  name = "github.com/StackExchange/wmi"
  packages = ["."]
  pruneopts = ""
  revision = "5d049714c4a64225c3c79a7cf7d02f7fb5b96338"
  version = "1.0.0"

[[projects]]
  digest = "1:15d017551627c8bb091bde628215b2861bed128855343fdd570c62d08871f6e1"
  name = "github.com/alecthomas/kingpin"
  packages = ["."]
  pruneopts = ""
  revision = "947dcec5ba9c011838740e680966fd7087a71d0d"
  version = "v2.2.6"

[[projects]]
  branch = "master"
  digest = "1:a7f619ffc7b99687f9444bd0a07509fec8ae708a7175d234878129896c0918a8"
  name = "github.com/alecthomas/template"
  packages = [
    ".",
    "parse",
  ]
  pruneopts = ""
  revision = "fb15b899a75114aa79cc930e33c46b577cc664b1"

[[projects]]
  branch = "master"
  digest = "1:86ea497979270399c5e544bbdc6f3a846078cd7c6d9be40fd0012ab54fee4052"
  name = "github.com/alecthomas/units"
  packages = ["."]
  pruneopts = ""
  revision = "c3de453c63f4bdb4dadffab9805ec00426c505f7"

[[projects]]
  digest = "1:0deddd908b6b4b768cfc272c16ee61e7088a60f7fe2f06c547bd3d8e1f8b8e77"
  name = "github.com/davecgh/go-spew"
  packages = ["spew"]
  pruneopts = ""
  revision = "8991bc29aa16c548c550c7ff78260e27b9ab7c73"
  version = "v1.1.1"

[[projects]]
  digest = "1:c3f4f5bc77b998746a8061a52a2b8fb172c1744801165227692d702483995d58"
  name = "github.com/go-ini/ini"
  packages = ["."]
  pruneopts = ""
  revision = "d4cae42d398bc0095297fc3315669590d29166ea"
  version = "v1.46.0"

[[projects]]
  digest = "1:fd2ee29b7807f198e72dbd6371267b34d05aa83151c8c81b2ade14854e50f4ee"
  name = "github.com/go-logr/logr"
  packages = ["."]
  pruneopts = ""
  revision = "d18fcbf02861580d05a1f23601145b272c4e7b4b"
  version = "v0.2.0"

[[projects]]
  digest = "1:b6581f9180e0f2d5549280d71819ab951db9d511478c87daca95669589d505c0"
  name = "github.com/go-ole/go-ole"
  packages = [
    ".",
    "oleutil",
  ]
  pruneopts = ""
  revision = "97b6244175ae18ea6eef668034fd6565847501c9"
  version = "v1.2.4"

[[projects]]
  digest = "1:d69d2ba23955582a64e367ff2b0808cdbd048458c178cea48f11ab8c40bd7aea"
  name = "github.com/gogo/protobuf"
  packages = [
    "proto",
    "sortkeys",
  ]
  pruneopts = ""
  revision = "5628607bb4c51c3157aacc3a50f0ab707582b805"
  version = "v1.3.1"

[[projects]]
  digest = "1:a01080d20c45c031c13f3828c56e58f4f51d926a482ad10cc0316225097eb7ea"
  name = "github.com/go-stack/stack"
  packages = ["."]
  pruneopts = ""
  revision = "2fee6af1a9795aafbe0253a0cfbdf668e1fb8a9a"
  version = "v1.8.0"

[[projects]]
  digest = "1:530233672f656641b365f8efb38ed9fba80e420baff2ce87633813ab3755ed6d"
  name = "github.com/golang/mock"
  packages = ["gomock"]
  pruneopts = ""
  revision = "9fa652df1129bef0e734c9cf9bf6dbae9ef3b9fa"
  version = "1.3.1"

[[projects]]
  branch = "master"
  digest = "1:c823f556d11763bb805a60a77226ae321843c9bd1454ee5b808ca169ac515762"
  name = "github.com/golang/snappy"
  packages = ["."]
  pruneopts = ""
  revision = "ff6b7dc882cf4cfba7ee0b9f7dcc1ac096c554aa"

[[projects]]
  digest = "1:ad92aa49f34cbc3546063c7eb2cabb55ee2278b72842eda80e2a20a8a06a8d73"
  name = "github.com/google/uuid"
  packages = ["."]
  pruneopts = ""
  revision = "0cd6bf5da1e1c83f8b45653022c74f71af0538a4"
  version = "v1.1.1"

[[projects]]
  digest = "1:16ecf9e89b8b1310d9566a53484c31c5241bb47c32162eba780b46c0dfb58fef"
  name = "github.com/google/gofuzz"
  packages = ["."]
  pruneopts = ""
  revision = "db92cf7ae75e4a7a28abc005addab2b394362888"
  version = "v1.1.0"

[[projects]]
  branch = "master"
  digest = "1:4fbfcfe715329e2f09ea644657aa791b81e73a0c835a4f79b9a0dfff0513e2b8"
  name = "github.com/hashicorp/go-version"
  packages = ["."]
  pruneopts = ""
  revision = "192140e6f3e645d971b134d4e35b5191adb9dfd3"

[[projects]]
  branch = "master"
  digest = "1:f81c8d7354cc0c6340f2f7a48724ee6c2b3db3e918ecd441c985b4d2d97dd3e7"
  name = "github.com/howeyc/gopass"
  packages = ["."]
  pruneopts = ""
  revision = "bf9dde6d0d2c004a008c27aaee91170c786f6db8"

[[projects]]
  digest = "1:f02c9b5d6682e16bb484f964445b22af73c0af1c66a7d3f75503adda88610d26"
  name = "github.com/klauspost/compress"
  packages = [
    "fse",
    "huff0",
    "snappy",
    "zstd",
    "zstd/internal/xxhash",
  ]
  pruneopts = ""
  revision = "a8f778f32d263b3a95d1e5a90534f5f680560abe"
  version = "v1.10.10"

[[projects]]
  digest = "1:0f51cee70b0d254dbc93c22666ea2abf211af81c1701a96d04e2284b408621db"
  name = "github.com/konsorten/go-windows-terminal-sequences"
  packages = ["."]
  pruneopts = ""
  revision = "f55edac94c9bbba5d6182a4be46d86a2c9b5b50e"
  version = "v1.0.2"

[[projects]]
  digest = "1:f4216047c24ab66fb757045febd7dac4edc6f4ad9f6c0063d0755d654d04f25e"
  name = "github.com/lib/pq"
  packages = [
    ".",
    "oid",
    "scram",
  ]
  pruneopts = ""
  revision = "3427c32cb71afc948325f299f040e53c1dd78979"
  version = "v1.2.0"

[[projects]]
  digest = "1:d5d962b7a8d95b9e6226f6b831a7e50237acf1730dcace6e8cb87c6dd628ef54"
  name = "github.com/mattn/go-shellwords"
  packages = ["."]
  pruneopts = ""
  revision = "36a9b3c57cb5caa559ff63fb7e9b585f1c00df75"
  version = "v1.0.6"

[[projects]]
  digest = "1:a067513044dc491395a58f56f39cedddb5ad35789b832b570c283a64d712f81b"
  name = "github.com/montanaflynn/stats"
  packages = ["."]
  pruneopts = ""
  revision = "eeaced052adbcfeea372c749c281099ed7fdaa38"
  version = "0.2.0"

[[projects]]
  branch = "master"
  digest = "1:78d0c21e99e070382e26f862c80a9354593880d51461a4aeacd490f52d6e5942"
  name = "github.com/pborman/getopt"
  packages = ["."]
  pruneopts = ""
  revision = "ee0cd42419d3adee9239dbd1c375717fe482dac7"

[[projects]]
  branch = "master"
  digest = "1:457024f04029bb321d759cc3b2c46b7e0e43572e3a663ce7d006aeb41efa2b17"
  name = "github.com/percona/go-mysql"
  packages = ["query"]
  pruneopts = ""
  revision = "197f4ad8db8d1b04ff408042119176907c971f0a"

[[projects]]
  digest = "1:c45802472e0c06928cd997661f2af610accd85217023b1d5f6331bebce0671d3"
  name = "github.com/pkg/errors"
  packages = ["."]
  pruneopts = ""
  revision = "614d223910a179a466c1767a985424175c39b465"
  version = "v0.9.1"

[[projects]]
  digest = "1:256484dbbcd271f9ecebc6795b2df8cad4c458dd0f5fd82a8c2fa0c29f233411"
  name = "github.com/pmezard/go-difflib"
  packages = ["difflib"]
  pruneopts = ""
  revision = "792786c7400a136282c1664665ae0a8db921c6c2"
  version = "v1.0.0"

[[projects]]
  digest = "1:9d1d58facb0409ecf634fec680d83b6f57f4e619458f7b7b5e4dda1665fd89ec"
  name = "github.com/prometheus/common"
  packages = ["log"]
  pruneopts = ""
  revision = "f39dfa2b000545b3a763b844012958c275a62266"
  version = "v0.13.0"

[[projects]]
  digest = "1:9d35a914be9b807050704f377becb1f864ee46b000f590566a8b9fb871d6c571"
  name = "github.com/shirou/gopsutil"
  packages = [
    "cpu",
    "internal/common",
    "mem",
    "net",
    "process",
  ]
  pruneopts = ""
  revision = "9aa2bee419e8b592ecf9f46018f3f1f6a5474c10"
  version = "v2.20.8"

[[projects]]
  digest = "1:1a405cddcf3368445051fb70ab465ae99da56ad7be8d8ca7fc52159d1c2d873c"
  name = "github.com/sirupsen/logrus"
  packages = ["."]
  pruneopts = ""
  revision = "839c75faf7f98a33d445d181f3018b5c3409a45e"
  version = "v1.4.2"

[[projects]]
  digest = "1:83fd2513b9f6ae0997bf646db6b74e9e00131e31002116fda597175f25add42d"
  name = "github.com/stretchr/testify"
  packages = [
    "assert",
    "require",
  ]
  pruneopts = ""
  revision = "f654a9112bbeac49ca2cd45bfbe11533c4666cf8"
  version = "v1.6.1"

[[projects]]
  branch = "master"
  digest = "1:ad74f33a69bd6ab0bd7287003b7c1069b94cfb5213eb5597005fe2963d7dfca9"
  name = "github.com/xdg/scram"
  packages = ["."]
  pruneopts = ""
  revision = "7eeb5667e42c09cb51bf7b7c28aea8c56767da90"

[[projects]]
  branch = "master"
  digest = "1:62f6eb06f6f39d18fc961956116a50a0e52b89961ed8a83bbb950b4cfb09fe67"
  name = "github.com/xdg/stringprep"
  packages = ["."]
  pruneopts = ""
  revision = "73f8eece6fdcd902c185bf651de50f3828bed5ed"

[[projects]]
  digest = "1:6085253f6bc0d9e4761ce971e02849b626de51735b35f362a34dbe5dbc3a2168"
  name = "go.mongodb.org/mongo-driver"
  packages = [
    "bson",
    "bson/bsoncodec",
    "bson/bsonoptions",
    "bson/bsonrw",
    "bson/bsontype",
    "bson/primitive",
    "event",
    "internal",
    "mongo",
    "mongo/options",
    "mongo/readconcern",
    "mongo/readpref",
    "mongo/writeconcern",
    "tag",
    "version",
    "x/bsonx",
    "x/bsonx/bsoncore",
    "x/mongo/driver",
    "x/mongo/driver/address",
    "x/mongo/driver/auth",
    "x/mongo/driver/auth/internal/gssapi",
    "x/mongo/driver/connstring",
    "x/mongo/driver/description",
    "x/mongo/driver/dns",
    "x/mongo/driver/mongocrypt",
    "x/mongo/driver/mongocrypt/options",
    "x/mongo/driver/operation",
    "x/mongo/driver/session",
    "x/mongo/driver/topology",
    "x/mongo/driver/uuid",
    "x/mongo/driver/wiremessage",
  ]
  pruneopts = ""
  revision = "4ce2db174a8ec022f504b9bc0e768e284e44708f"
  version = "v1.3.4"

[[projects]]
  branch = "master"
  digest = "1:2f8d339c3b89d5abf9a78aafe1e9fbe548f3b1fb9be5c3117036940904d39527"
  name = "golang.org/x/crypto"
  packages = [
    "pbkdf2",
    "ssh/terminal",
  ]
  pruneopts = ""
  revision = "71b5226ff73902d121cd9dbbdfdb67045a805845"

[[projects]]
  branch = "master"
  digest = "1:adcb9e84ce154ef1d45851b57c40f8a211db3e36373a65b7c4f10c79b7428718"
  name = "golang.org/x/net"
  packages = [
    "context",
    "http/httpguts",
    "http2",
    "http2/hpack",
    "idna",
  ]
  pruneopts = ""
  revision = "112230192c580c3556b8cee6403af37a4fc5f28c"

[[projects]]
  branch = "master"
  digest = "1:9f6efefb4e401a4f699a295d14518871368eb89403f2dd23ec11dfcd2c0836ba"
  name = "golang.org/x/sync"
  packages = ["semaphore"]
  pruneopts = ""
  revision = "112230192c580c3556b8cee6403af37a4fc5f28c"

[[projects]]
  branch = "master"
  digest = "1:ffaa20332022643a821848aa2322787bbfbf06bceb4b4e84cde3b05d07fa51ac"
  name = "golang.org/x/sys"
  packages = [
    "unix",
    "windows",
    "windows/registry",
    "windows/svc/eventlog",
  ]
  pruneopts = ""
  revision = "749cb33beabd9aa6d3178e3de05bcc914f70b2bf"

[[projects]]
  digest = "1:740b51a55815493a8d0f2b1e0d0ae48fe48953bf7eaf3fcc4198823bf67768c0"
  name = "golang.org/x/text"
  packages = [
    "internal/gen",
    "internal/triegen",
    "internal/ucd",
    "transform",
    "unicode/cldr",
    "unicode/norm",
  ]
  pruneopts = ""
  revision = "342b2e1fbaa52c93f31447ad2c6abc048c63e475"
  version = "v0.3.2"

[[projects]]
  digest = "1:15d017551627c8bb091bde628215b2861bed128855343fdd570c62d08871f6e1"
  name = "gopkg.in/alecthomas/kingpin.v2"
  packages = ["."]
  pruneopts = ""
  revision = "947dcec5ba9c011838740e680966fd7087a71d0d"
  version = "v2.2.6"

[[projects]]
  digest = "1:fccda34e4c58111b1908d8d69bf8d57c41c8e2542bc18ec8cd38c4fa21057f71"
  name = "golang.org/x/text"
  packages = [
    "collate",
    "collate/build",
    "internal/colltab",
    "internal/gen",
    "internal/language",
    "internal/language/compact",
    "internal/tag",
    "internal/triegen",
    "internal/ucd",
    "language",
    "secure/bidirule",
    "transform",
    "unicode/bidi",
    "unicode/cldr",
    "unicode/norm",
    "unicode/rangetable",
  ]
  pruneopts = ""
  revision = "23ae387dee1f90d29a23c0e87ee0b46038fbed0e"
  version = "v0.3.3"

[[projects]]
  digest = "1:75fb3fcfc73a8c723efde7777b40e8e8ff9babf30d8c56160d01beffea8a95a6"
  name = "gopkg.in/inf.v0"
  packages = ["."]
  pruneopts = ""
  revision = "d2d2541c53f18d2a059457998ce2876cc8e67cbf"
  version = "v0.9.1"

[[projects]]
  branch = "v2"
  digest = "1:e56755c5336ff37d20befca76df29097085c85ea1fe58af746e3df6b815decfa"
  name = "gopkg.in/mgo.v2"
  packages = [
    "bson",
    "internal/json",
  ]
  pruneopts = ""
  revision = "a6b53ec6cb22a3699387a57a161566f9402ee85b"

[[projects]]
  branch = "v3"
  digest = "1:2e9c4d6def1d36dcd17730e00c06b49a2e97ea5e1e639bcd24fa60fa43e33ad6"
  name = "gopkg.in/yaml.v3"
  packages = ["."]
  pruneopts = ""
  revision = "eeeca48fe7764f320e4870d231902bf9c1be2c08"

[[projects]]
  digest = "1:a249e341b9bf261a982ab262c69f08223e839302d0a21cfe6e00f2ef2e8695a2"
  name = "k8s.io/api"
  packages = ["core/v1"]
  pruneopts = ""
  revision = "f822fed505d4c9dd4eb2c5f4ca2f4c49c19ea394"
  version = "v0.18.6"

[[projects]]
  digest = "1:74eeecf1188777314a92348555adcb977912d530269130143daf7fc0e80bb512"
  name = "k8s.io/apimachinery"
  packages = [
    "pkg/api/resource",
    "pkg/apis/meta/v1",
    "pkg/conversion",
    "pkg/conversion/queryparams",
    "pkg/fields",
    "pkg/labels",
    "pkg/runtime",
    "pkg/runtime/schema",
    "pkg/selection",
    "pkg/types",
    "pkg/util/errors",
    "pkg/util/intstr",
    "pkg/util/json",
    "pkg/util/naming",
    "pkg/util/net",
    "pkg/util/runtime",
    "pkg/util/sets",
    "pkg/util/validation",
    "pkg/util/validation/field",
    "pkg/watch",
    "third_party/forked/golang/reflect",
  ]
  pruneopts = ""
  revision = "fbe88689c3c2735e949f67884a4f58cb99379159"
  version = "v0.17.9"

[[projects]]
  digest = "1:5ad0a3bf1b13f9b8bd99f4079c635cb813d87b70db65b98fe5503762e1d39735"
  name = "k8s.io/klog"
  packages = ["."]
  pruneopts = ""
  revision = "b5c3182dac44f851522e32c97c86ac32755c296d"
  version = "v2.3.0"

[solve-meta]
  analyzer-name = "dep"
  analyzer-version = 1
  input-imports = [
    "github.com/Masterminds/semver",
    "github.com/alecthomas/kingpin",
    "github.com/go-ini/ini",
    "github.com/golang/mock/gomock",
    "github.com/google/uuid",
    "github.com/hashicorp/go-version",
    "github.com/howeyc/gopass",
    "github.com/lib/pq",
    "github.com/mattn/go-shellwords",
    "github.com/montanaflynn/stats",
    "github.com/pborman/getopt",
    "github.com/percona/go-mysql/query",
    "github.com/pkg/errors",
    "github.com/prometheus/common/log",
    "github.com/shirou/gopsutil/process",
    "github.com/sirupsen/logrus",
    "github.com/stretchr/testify/assert",
    "github.com/stretchr/testify/require",
    "go.mongodb.org/mongo-driver/bson",
    "go.mongodb.org/mongo-driver/bson/primitive",
    "go.mongodb.org/mongo-driver/mongo",
    "go.mongodb.org/mongo-driver/mongo/options",
    "golang.org/x/crypto/ssh/terminal",
    "gopkg.in/mgo.v2/bson",
    "gopkg.in/mgo.v2/dbtest",
    "k8s.io/api/core/v1",
  ]
  solver-name = "gps-cdcl"
  solver-version = 1
